
Microsoft Visual Studio Solution File, Format Version 12.00
# Visual Studio 15
Project("{FAE04EC0-301F-11D3-BF4B-00C04F79EFBC}") = "Unity.XR.Interaction.Toolkit.Samples.StarterAssets", "Unity.XR.Interaction.Toolkit.Samples.StarterAssets.csproj", "{D19F49B4-DBF3-4B38-1752-CF7D28EEE33E}"
EndProject
Project("{FAE04EC0-301F-11D3-BF4B-00C04F79EFBC}") = "Assembly-CSharp", "Assembly-CSharp.csproj", "{D0330AF5-AC1F-34C3-B5F8-594BD6A28D85}"
EndProject
Project("{FAE04EC0-301F-11D3-BF4B-00C04F79EFBC}") = "Unity.XR.Interaction.Toolkit.Samples.StarterAssets.Editor", "Unity.XR.Interaction.Toolkit.Samples.StarterAssets.Editor.csproj", "{A4EDA5A9-FA88-6829-6930-D44D483B7081}"
EndProject
Global
	GlobalSection(SolutionConfigurationPlatforms) = preSolution
		Debug|Any CPU = Debug|Any CPU
		Release|Any CPU = Release|Any CPU
	EndGlobalSection
	GlobalSection(ProjectConfigurationPlatforms) = postSolution
		{D19F49B4-DBF3-4B38-1752-CF7D28EEE33E}.Debug|Any CPU.ActiveCfg = Debug|Any CPU
		{D19F49B4-DBF3-4B38-1752-CF7D28EEE33E}.Debug|Any CPU.Build.0 = Debug|Any CPU
		{D19F49B4-DBF3-4B38-1752-CF7D28EEE33E}.Release|Any CPU.ActiveCfg = Release|Any CPU
		{D19F49B4-DBF3-4B38-1752-CF7D28EEE33E}.Release|Any CPU.Build.0 = Release|Any CPU
		{D0330AF5-AC1F-34C3-B5F8-594BD6A28D85}.Debug|Any CPU.ActiveCfg = Debug|Any CPU
		{D0330AF5-AC1F-34C3-B5F8-594BD6A28D85}.Debug|Any CPU.Build.0 = Debug|Any CPU
		{D0330AF5-AC1F-34C3-B5F8-594BD6A28D85}.Release|Any CPU.ActiveCfg = Release|Any CPU
		{D0330AF5-AC1F-34C3-B5F8-594BD6A28D85}.Release|Any CPU.Build.0 = Release|Any CPU
		{A4EDA5A9-FA88-6829-6930-D44D483B7081}.Debug|Any CPU.ActiveCfg = Debug|Any CPU
		{A4EDA5A9-FA88-6829-6930-D44D483B7081}.Debug|Any CPU.Build.0 = Debug|Any CPU
		{A4EDA5A9-FA88-6829-6930-D44D483B7081}.Release|Any CPU.ActiveCfg = Release|Any CPU
		{A4EDA5A9-FA88-6829-6930-D44D483B7081}.Release|Any CPU.Build.0 = Release|Any CPU
	EndGlobalSection
	GlobalSection(SolutionProperties) = preSolution
		HideSolutionNode = FALSE
	EndGlobalSection
EndGlobal
